# This file is generated by running "yarn install" inside your project.
# Manual changes might be lost - proceed with caution!

__metadata:
  version: 6
  cacheKey: 8

"@types/commander@npm:^2.12.2":
  version: 2.12.2
  resolution: "@types/commander@npm:2.12.2"
  dependencies:
    commander: "*"
  checksum: 8cfc1797b3a6cbff7d723590480c36f5569dc1a9f2810770178ce10de1ed65655ae2ef954c9051fa176760dcf87b1e5330be65ef2e77e58c904be0e299b8b08e
  languageName: node
  linkType: hard

"commander@npm:*, commander@npm:^9.3.0":
  version: 9.4.1
  resolution: "commander@npm:9.4.1"
  checksum: bfb18e325a5bdf772763c2213d5c7d9e77144d944124e988bcd8e5e65fb6d45d5d4e86b09155d0f2556c9a59c31e428720e57968bcd050b2306e910a0bf3cf13
  languageName: node
  linkType: hard

"dedent-js@npm:^1.0.1":
  version: 1.0.1
  resolution: "dedent-js@npm:1.0.1"
  checksum: 3a86f4b11176b387c0633b4b201aef884f9bc83eb9485bd1156c5d9b3984a58fd7686f8213b67212b714a1abf00279bef5cd4eea6a9a7f033e37ce33352af9a9
  languageName: node
  linkType: hard

"dodao-academy-guides@workspace:.":
  version: 0.0.0-use.local
  resolution: "dodao-academy-guides@workspace:."
  dependencies:
    dodao-guides-processor: 0.1.9
  languageName: unknown
  linkType: soft

"dodao-guides-processor@npm:0.1.9":
  version: 0.1.9
  resolution: "dodao-guides-processor@npm:0.1.9"
  dependencies:
    "@types/commander": ^2.12.2
    commander: ^9.3.0
    dedent-js: ^1.0.1
    jsonschema: ^1.4.1
    lodash: ^4.17.21
    yaml: ^2.1.1
  bin:
    dodao-guides-processor: dist/index.js
  checksum: 905222be69d844d0723d50c02a6cabe2f655fda73aefc9fcd5a933410e39d6064c69b492484be448ff079c8d0448a65a4a2a4d7dee344896acd4d4a60e6be31a
  languageName: node
  linkType: hard

"jsonschema@npm:^1.4.1":
  version: 1.4.1
  resolution: "jsonschema@npm:1.4.1"
  checksum: 1ef02a6cd9bc32241ec86bbf1300bdbc3b5f2d8df6eb795517cf7d1cd9909e7beba1e54fdf73990fd66be98a182bda9add9607296b0cb00b1348212988e424b2
  languageName: node
  linkType: hard

"lodash@npm:^4.17.21":
  version: 4.17.21
  resolution: "lodash@npm:4.17.21"
  checksum: eb835a2e51d381e561e508ce932ea50a8e5a68f4ebdd771ea240d3048244a8d13658acbd502cd4829768c56f2e16bdd4340b9ea141297d472517b83868e677f7
  languageName: node
  linkType: hard

"yaml@npm:^2.1.1":
  version: 2.1.2
  resolution: "yaml@npm:2.1.2"
  checksum: 89f3d96215405990aa17cdacd78c17537d415e20be3eb7ff1a058a9b1d7136d4a61a84e6b47daa82558a977ae08751a6c1a80b88f99ee7cbdd51ddd78cd0d8f6
  languageName: node
  linkType: hard
